<?xml version="1.0" encoding="utf-8"?>
<Project ToolsVersion="4.0" xmlns="http://schemas.microsoft.com/developer/msbuild/2003">
  <ItemGroup>
    <ClCompile Include="LocateModelEventHandler.cpp">
      <Filter>src</Filter>
    </ClCompile>
    <ClCompile Include="LongitudeLatitudeEventHandler.cpp">
      <Filter>src</Filter>
    </ClCompile>
    <ClCompile Include="MeasureDistanceEventHandler.cpp">
      <Filter>src</Filter>
    </ClCompile>
    <ClCompile Include="WorldCmd.cpp">
      <Filter>src</Filter>
    </ClCompile>
    <ClCompile Include="WorldControls.cpp">
      <Filter>src</Filter>
    </ClCompile>
  </ItemGroup>
  <ItemGroup>
    <ClInclude Include="WorldControls.h">
      <Filter>src</Filter>
    </ClInclude>
    <ClInclude Include="LocateModelEventHandler.h">
      <Filter>src</Filter>
    </ClInclude>
    <ClInclude Include="LongitudeLatitudeEventHandler.h">
      <Filter>src</Filter>
    </ClInclude>
    <ClInclude Include="MeasureDistanceEventHandler.h">
      <Filter>src</Filter>
    </ClInclude>
    <ClInclude Include="WorldCmd.h">
      <Filter>src</Filter>
    </ClInclude>
  </ItemGroup>
  <ItemGroup>
    <Filter Include="src">
      <UniqueIdentifier>{68ba865b-f547-42b5-aac6-13bbf60bc34e}</UniqueIdentifier>
    </Filter>
  </ItemGroup>
</Project>